
Microsoft Visual Studio Solution File, Format Version 12.00
# Visual Studio 15
VisualStudioVersion = 15.0.28010.2048
MinimumVisualStudioVersion = 10.0.40219.1
Project("{2150E333-8FDC-42A3-9474-1A3956D46DE8}") = "SubLibs", "SubLibs", "{5CD86DE2-DFBF-4B0F-8776-E0A1ECFC4A4C}"
EndProject
Project("{2150E333-8FDC-42A3-9474-1A3956D46DE8}") = "OOP.12", "OOP.12", "{1D831A4B-1A61-4428-A027-A279D76DEF1A}"
EndProject
Project("{2150E333-8FDC-42A3-9474-1A3956D46DE8}") = "OOP.PDFFiles", "OOP.PDFFiles", "{79C8FD5F-2C4D-44CA-B3FB-FB1180C4B66D}"
	ProjectSection(SolutionItems) = preProject
		OOP.PDFFiles\Урок 12. Задание.pdf = OOP.PDFFiles\Урок 12. Задание.pdf
		OOP.PDFFiles\Урок 13. Задание.pdf = OOP.PDFFiles\Урок 13. Задание.pdf
	EndProjectSection
EndProject
Project("{8BC9CEB8-8B4A-11D0-8D11-00A0C91BC942}") = "OOP.TableMaker", "OOP.TableMaker\OOP.TableMaker.vcxproj", "{8189B659-1ED2-4274-B012-D5BEDF354643}"
EndProject
Project("{8BC9CEB8-8B4A-11D0-8D11-00A0C91BC942}") = "OOP.12.2", "OOP.12.2\OOP.12.2.vcxproj", "{39A7B429-04AA-4B59-8BB2-BA5563E59BFA}"
EndProject
Project("{8BC9CEB8-8B4A-11D0-8D11-00A0C91BC942}") = "OOP.12.3", "OOP.12.3\OOP.12.3.vcxproj", "{D183A325-30D0-4457-B35A-DC421E512F78}"
EndProject
Project("{8BC9CEB8-8B4A-11D0-8D11-00A0C91BC942}") = "OOP.12.4", "OOP.12.4\OOP.12.4.vcxproj", "{9D4FC2E5-C58A-4D7A-8D8A-A1F0ABF7FCA9}"
EndProject
Project("{8BC9CEB8-8B4A-11D0-8D11-00A0C91BC942}") = "OOP.12.1", "OOP.12.1\OOP.12.1.vcxproj", "{65F09241-D3A7-41CE-B228-8B204889E32C}"
EndProject
Global
	GlobalSection(SolutionConfigurationPlatforms) = preSolution
		Debug|x64 = Debug|x64
		Debug|x86 = Debug|x86
		Release|x64 = Release|x64
		Release|x86 = Release|x86
	EndGlobalSection
	GlobalSection(ProjectConfigurationPlatforms) = postSolution
		{8189B659-1ED2-4274-B012-D5BEDF354643}.Debug|x64.ActiveCfg = Debug|x64
		{8189B659-1ED2-4274-B012-D5BEDF354643}.Debug|x64.Build.0 = Debug|x64
		{8189B659-1ED2-4274-B012-D5BEDF354643}.Debug|x86.ActiveCfg = Debug|Win32
		{8189B659-1ED2-4274-B012-D5BEDF354643}.Debug|x86.Build.0 = Debug|Win32
		{8189B659-1ED2-4274-B012-D5BEDF354643}.Release|x64.ActiveCfg = Release|x64
		{8189B659-1ED2-4274-B012-D5BEDF354643}.Release|x64.Build.0 = Release|x64
		{8189B659-1ED2-4274-B012-D5BEDF354643}.Release|x86.ActiveCfg = Release|Win32
		{8189B659-1ED2-4274-B012-D5BEDF354643}.Release|x86.Build.0 = Release|Win32
		{39A7B429-04AA-4B59-8BB2-BA5563E59BFA}.Debug|x64.ActiveCfg = Debug|x64
		{39A7B429-04AA-4B59-8BB2-BA5563E59BFA}.Debug|x64.Build.0 = Debug|x64
		{39A7B429-04AA-4B59-8BB2-BA5563E59BFA}.Debug|x86.ActiveCfg = Debug|Win32
		{39A7B429-04AA-4B59-8BB2-BA5563E59BFA}.Debug|x86.Build.0 = Debug|Win32
		{39A7B429-04AA-4B59-8BB2-BA5563E59BFA}.Release|x64.ActiveCfg = Release|x64
		{39A7B429-04AA-4B59-8BB2-BA5563E59BFA}.Release|x64.Build.0 = Release|x64
		{39A7B429-04AA-4B59-8BB2-BA5563E59BFA}.Release|x86.ActiveCfg = Release|Win32
		{39A7B429-04AA-4B59-8BB2-BA5563E59BFA}.Release|x86.Build.0 = Release|Win32
		{D183A325-30D0-4457-B35A-DC421E512F78}.Debug|x64.ActiveCfg = Debug|x64
		{D183A325-30D0-4457-B35A-DC421E512F78}.Debug|x64.Build.0 = Debug|x64
		{D183A325-30D0-4457-B35A-DC421E512F78}.Debug|x86.ActiveCfg = Debug|Win32
		{D183A325-30D0-4457-B35A-DC421E512F78}.Debug|x86.Build.0 = Debug|Win32
		{D183A325-30D0-4457-B35A-DC421E512F78}.Release|x64.ActiveCfg = Release|x64
		{D183A325-30D0-4457-B35A-DC421E512F78}.Release|x64.Build.0 = Release|x64
		{D183A325-30D0-4457-B35A-DC421E512F78}.Release|x86.ActiveCfg = Release|Win32
		{D183A325-30D0-4457-B35A-DC421E512F78}.Release|x86.Build.0 = Release|Win32
		{9D4FC2E5-C58A-4D7A-8D8A-A1F0ABF7FCA9}.Debug|x64.ActiveCfg = Debug|x64
		{9D4FC2E5-C58A-4D7A-8D8A-A1F0ABF7FCA9}.Debug|x64.Build.0 = Debug|x64
		{9D4FC2E5-C58A-4D7A-8D8A-A1F0ABF7FCA9}.Debug|x86.ActiveCfg = Debug|Win32
		{9D4FC2E5-C58A-4D7A-8D8A-A1F0ABF7FCA9}.Debug|x86.Build.0 = Debug|Win32
		{9D4FC2E5-C58A-4D7A-8D8A-A1F0ABF7FCA9}.Release|x64.ActiveCfg = Release|x64
		{9D4FC2E5-C58A-4D7A-8D8A-A1F0ABF7FCA9}.Release|x64.Build.0 = Release|x64
		{9D4FC2E5-C58A-4D7A-8D8A-A1F0ABF7FCA9}.Release|x86.ActiveCfg = Release|Win32
		{9D4FC2E5-C58A-4D7A-8D8A-A1F0ABF7FCA9}.Release|x86.Build.0 = Release|Win32
		{65F09241-D3A7-41CE-B228-8B204889E32C}.Debug|x64.ActiveCfg = Debug|x64
		{65F09241-D3A7-41CE-B228-8B204889E32C}.Debug|x64.Build.0 = Debug|x64
		{65F09241-D3A7-41CE-B228-8B204889E32C}.Debug|x86.ActiveCfg = Debug|Win32
		{65F09241-D3A7-41CE-B228-8B204889E32C}.Debug|x86.Build.0 = Debug|Win32
		{65F09241-D3A7-41CE-B228-8B204889E32C}.Release|x64.ActiveCfg = Release|x64
		{65F09241-D3A7-41CE-B228-8B204889E32C}.Release|x64.Build.0 = Release|x64
		{65F09241-D3A7-41CE-B228-8B204889E32C}.Release|x86.ActiveCfg = Release|Win32
		{65F09241-D3A7-41CE-B228-8B204889E32C}.Release|x86.Build.0 = Release|Win32
	EndGlobalSection
	GlobalSection(SolutionProperties) = preSolution
		HideSolutionNode = FALSE
	EndGlobalSection
	GlobalSection(NestedProjects) = preSolution
		{39A7B429-04AA-4B59-8BB2-BA5563E59BFA} = {1D831A4B-1A61-4428-A027-A279D76DEF1A}
		{D183A325-30D0-4457-B35A-DC421E512F78} = {1D831A4B-1A61-4428-A027-A279D76DEF1A}
		{9D4FC2E5-C58A-4D7A-8D8A-A1F0ABF7FCA9} = {1D831A4B-1A61-4428-A027-A279D76DEF1A}
		{65F09241-D3A7-41CE-B228-8B204889E32C} = {1D831A4B-1A61-4428-A027-A279D76DEF1A}
	EndGlobalSection
	GlobalSection(ExtensibilityGlobals) = postSolution
		SolutionGuid = {DA938F2D-131D-46C9-B33B-6F513E10E1E9}
	EndGlobalSection
EndGlobal
